// !$*UTF8*$!
{
	archiveVersion = 1;
	classes = {
	};
	objectVersion = 77;
	objects = {

/* Begin PBXBuildFile section */
		3600B30F2D79CD0E00140FEE /* MyPageView.swift in Sources */ = {isa = PBXBuildFile; fileRef = 3600B30E2D79CD0C00140FEE /* MyPageView.swift */; };
		3608DDC32D673DF0008F4CE0 /* OnboardingView.swift in Sources */ = {isa = PBXBuildFile; fileRef = 3608DDC22D673DEA008F4CE0 /* OnboardingView.swift */; };
		3615FEA52D982A6100731529 /* ChipButtonModifier.swift in Sources */ = {isa = PBXBuildFile; fileRef = 3615FE9E2D982A6100731529 /* ChipButtonModifier.swift */; };
		3615FEA72D982A6100731529 /* PopupModifier.swift in Sources */ = {isa = PBXBuildFile; fileRef = 3615FEA22D982A6100731529 /* PopupModifier.swift */; };
		3615FEAB2D982AB400731529 /* RecruitmentCardVIew.swift in Sources */ = {isa = PBXBuildFile; fileRef = 3615FEA92D982AB400731529 /* RecruitmentCardVIew.swift */; };
		3615FEAD2D982B0500731529 /* View+.swift in Sources */ = {isa = PBXBuildFile; fileRef = 3615FEAC2D982AFE00731529 /* View+.swift */; };
		3615FEB12D982B8E00731529 /* RoundedCorner.swift in Sources */ = {isa = PBXBuildFile; fileRef = 3615FEB02D982B8600731529 /* RoundedCorner.swift */; };
		361F4E7D2D472A0B00C89F28 /* ComposableArchitecture in Frameworks */ = {isa = PBXBuildFile; productRef = 361F4E7C2D472A0B00C89F28 /* ComposableArchitecture */; };
		3637A45D2D44A7DB0052B501 /* meetjyouApp.swift in Sources */ = {isa = PBXBuildFile; fileRef = 3637A45C2D44A7DB0052B501 /* meetjyouApp.swift */; };
		3647EB2E2D70264B00FB5D1A /* KakaoSDK in Frameworks */ = {isa = PBXBuildFile; productRef = 3647EB2D2D70264B00FB5D1A /* KakaoSDK */; };
		3647EB322D7026B700FB5D1A /* KakaoFeature.swift in Sources */ = {isa = PBXBuildFile; fileRef = 3647EB2F2D70269300FB5D1A /* KakaoFeature.swift */; };
		3647EB3E2D70294300FB5D1A /* Pretendard-Black.otf in Resources */ = {isa = PBXBuildFile; fileRef = 3647EB332D70294300FB5D1A /* Pretendard-Black.otf */; };
		3647EB3F2D70294300FB5D1A /* Pretendard-Bold.otf in Resources */ = {isa = PBXBuildFile; fileRef = 3647EB342D70294300FB5D1A /* Pretendard-Bold.otf */; };
		3647EB402D70294300FB5D1A /* Pretendard-ExtraBold.otf in Resources */ = {isa = PBXBuildFile; fileRef = 3647EB352D70294300FB5D1A /* Pretendard-ExtraBold.otf */; };
		3647EB412D70294300FB5D1A /* Pretendard-ExtraLight.otf in Resources */ = {isa = PBXBuildFile; fileRef = 3647EB362D70294300FB5D1A /* Pretendard-ExtraLight.otf */; };
		3647EB422D70294300FB5D1A /* Pretendard-Light.otf in Resources */ = {isa = PBXBuildFile; fileRef = 3647EB372D70294300FB5D1A /* Pretendard-Light.otf */; };
		3647EB432D70294300FB5D1A /* Pretendard-Medium.otf in Resources */ = {isa = PBXBuildFile; fileRef = 3647EB382D70294300FB5D1A /* Pretendard-Medium.otf */; };
		3647EB442D70294300FB5D1A /* Pretendard-Regular.otf in Resources */ = {isa = PBXBuildFile; fileRef = 3647EB392D70294300FB5D1A /* Pretendard-Regular.otf */; };
		3647EB452D70294300FB5D1A /* Pretendard-SemiBold.otf in Resources */ = {isa = PBXBuildFile; fileRef = 3647EB3A2D70294300FB5D1A /* Pretendard-SemiBold.otf */; };
		3647EB462D70294300FB5D1A /* Pretendard-Thin.otf in Resources */ = {isa = PBXBuildFile; fileRef = 3647EB3B2D70294300FB5D1A /* Pretendard-Thin.otf */; };
		365B9A4E2D44D1FA004F1AB0 /* Assets.xcassets in Resources */ = {isa = PBXBuildFile; fileRef = 365B9A492D44D1FA004F1AB0 /* Assets.xcassets */; };
		365B9A4F2D44D1FA004F1AB0 /* Preview Assets.xcassets in Resources */ = {isa = PBXBuildFile; fileRef = 365B9A4A2D44D1FA004F1AB0 /* Preview Assets.xcassets */; };
		365B9A502D44D1FA004F1AB0 /* Color+.swift in Sources */ = {isa = PBXBuildFile; fileRef = 365B9A452D44D1FA004F1AB0 /* Color+.swift */; };
		365B9A512D44D1FA004F1AB0 /* Font+.swift in Sources */ = {isa = PBXBuildFile; fileRef = 365B9A462D44D1FA004F1AB0 /* Font+.swift */; };
		365B9A522D44D1FA004F1AB0 /* MeetjyouColor.swift in Sources */ = {isa = PBXBuildFile; fileRef = 365B9A472D44D1FA004F1AB0 /* MeetjyouColor.swift */; };
		365B9A572D44D24C004F1AB0 /* ContentView.swift in Sources */ = {isa = PBXBuildFile; fileRef = 365B9A552D44D24C004F1AB0 /* ContentView.swift */; };
		FE769CA52D9670F100E74AED /* MyPostsView.swift in Sources */ = {isa = PBXBuildFile; fileRef = FE769CA42D9670F100E74AED /* MyPostsView.swift */; };
		FEA42CFA2D8900190068BCAE /* ProfileEditView.swift in Sources */ = {isa = PBXBuildFile; fileRef = FEA42CF92D8900190068BCAE /* ProfileEditView.swift */; };
/* End PBXBuildFile section */

/* Begin PBXFileReference section */
		3600B30E2D79CD0C00140FEE /* MyPageView.swift */ = {isa = PBXFileReference; lastKnownFileType = sourcecode.swift; path = MyPageView.swift; sourceTree = "<group>"; };
		3608DDC22D673DEA008F4CE0 /* OnboardingView.swift */ = {isa = PBXFileReference; lastKnownFileType = sourcecode.swift; path = OnboardingView.swift; sourceTree = "<group>"; };
		3615FE9E2D982A6100731529 /* ChipButtonModifier.swift */ = {isa = PBXFileReference; lastKnownFileType = sourcecode.swift; path = ChipButtonModifier.swift; sourceTree = "<group>"; };
		3615FEA22D982A6100731529 /* PopupModifier.swift */ = {isa = PBXFileReference; lastKnownFileType = sourcecode.swift; path = PopupModifier.swift; sourceTree = "<group>"; };
		3615FEA92D982AB400731529 /* RecruitmentCardVIew.swift */ = {isa = PBXFileReference; lastKnownFileType = sourcecode.swift; path = RecruitmentCardVIew.swift; sourceTree = "<group>"; };
		3615FEAC2D982AFE00731529 /* View+.swift */ = {isa = PBXFileReference; lastKnownFileType = sourcecode.swift; path = "View+.swift"; sourceTree = "<group>"; };
		3615FEB02D982B8600731529 /* RoundedCorner.swift */ = {isa = PBXFileReference; lastKnownFileType = sourcecode.swift; path = RoundedCorner.swift; sourceTree = "<group>"; };
		3637A4592D44A7DB0052B501 /* meetjyou.app */ = {isa = PBXFileReference; explicitFileType = wrapper.application; includeInIndex = 0; path = meetjyou.app; sourceTree = BUILT_PRODUCTS_DIR; };
		3637A45C2D44A7DB0052B501 /* meetjyouApp.swift */ = {isa = PBXFileReference; lastKnownFileType = sourcecode.swift; path = meetjyouApp.swift; sourceTree = "<group>"; };
		3647EB2B2D70245200FB5D1A /* Info.plist */ = {isa = PBXFileReference; lastKnownFileType = text.plist.xml; path = Info.plist; sourceTree = "<group>"; };
		3647EB2F2D70269300FB5D1A /* KakaoFeature.swift */ = {isa = PBXFileReference; lastKnownFileType = sourcecode.swift; path = KakaoFeature.swift; sourceTree = "<group>"; };
		3647EB332D70294300FB5D1A /* Pretendard-Black.otf */ = {isa = PBXFileReference; lastKnownFileType = file; path = "Pretendard-Black.otf"; sourceTree = "<group>"; };
		3647EB342D70294300FB5D1A /* Pretendard-Bold.otf */ = {isa = PBXFileReference; lastKnownFileType = file; path = "Pretendard-Bold.otf"; sourceTree = "<group>"; };
		3647EB352D70294300FB5D1A /* Pretendard-ExtraBold.otf */ = {isa = PBXFileReference; lastKnownFileType = file; path = "Pretendard-ExtraBold.otf"; sourceTree = "<group>"; };
		3647EB362D70294300FB5D1A /* Pretendard-ExtraLight.otf */ = {isa = PBXFileReference; lastKnownFileType = file; path = "Pretendard-ExtraLight.otf"; sourceTree = "<group>"; };
		3647EB372D70294300FB5D1A /* Pretendard-Light.otf */ = {isa = PBXFileReference; lastKnownFileType = file; path = "Pretendard-Light.otf"; sourceTree = "<group>"; };
		3647EB382D70294300FB5D1A /* Pretendard-Medium.otf */ = {isa = PBXFileReference; lastKnownFileType = file; path = "Pretendard-Medium.otf"; sourceTree = "<group>"; };
		3647EB392D70294300FB5D1A /* Pretendard-Regular.otf */ = {isa = PBXFileReference; lastKnownFileType = file; path = "Pretendard-Regular.otf"; sourceTree = "<group>"; };
		3647EB3A2D70294300FB5D1A /* Pretendard-SemiBold.otf */ = {isa = PBXFileReference; lastKnownFileType = file; path = "Pretendard-SemiBold.otf"; sourceTree = "<group>"; };
		3647EB3B2D70294300FB5D1A /* Pretendard-Thin.otf */ = {isa = PBXFileReference; lastKnownFileType = file; path = "Pretendard-Thin.otf"; sourceTree = "<group>"; };
		365B9A452D44D1FA004F1AB0 /* Color+.swift */ = {isa = PBXFileReference; lastKnownFileType = sourcecode.swift; path = "Color+.swift"; sourceTree = "<group>"; };
		365B9A462D44D1FA004F1AB0 /* Font+.swift */ = {isa = PBXFileReference; lastKnownFileType = sourcecode.swift; path = "Font+.swift"; sourceTree = "<group>"; };
		365B9A472D44D1FA004F1AB0 /* MeetjyouColor.swift */ = {isa = PBXFileReference; lastKnownFileType = sourcecode.swift; path = MeetjyouColor.swift; sourceTree = "<group>"; };
		365B9A492D44D1FA004F1AB0 /* Assets.xcassets */ = {isa = PBXFileReference; lastKnownFileType = folder.assetcatalog; path = Assets.xcassets; sourceTree = "<group>"; };
		365B9A4A2D44D1FA004F1AB0 /* Preview Assets.xcassets */ = {isa = PBXFileReference; lastKnownFileType = folder.assetcatalog; path = "Preview Assets.xcassets"; sourceTree = "<group>"; };
		365B9A552D44D24C004F1AB0 /* ContentView.swift */ = {isa = PBXFileReference; lastKnownFileType = sourcecode.swift; path = ContentView.swift; sourceTree = "<group>"; };
		FE55DCD72D983962001C668A /* Config.xcconfig */ = {isa = PBXFileReference; lastKnownFileType = text.xcconfig; path = Config.xcconfig; sourceTree = "<group>"; };
		FE769CA42D9670F100E74AED /* MyPostsView.swift */ = {isa = PBXFileReference; lastKnownFileType = sourcecode.swift; path = MyPostsView.swift; sourceTree = "<group>"; };
		FEA42CF92D8900190068BCAE /* ProfileEditView.swift */ = {isa = PBXFileReference; lastKnownFileType = sourcecode.swift; path = ProfileEditView.swift; sourceTree = "<group>"; };
/* End PBXFileReference section */

/* Begin PBXFrameworksBuildPhase section */
		3637A4562D44A7DB0052B501 /* Frameworks */ = {
			isa = PBXFrameworksBuildPhase;
			buildActionMask = 2147483647;
			files = (
				361F4E7D2D472A0B00C89F28 /* ComposableArchitecture in Frameworks */,
				3647EB2E2D70264B00FB5D1A /* KakaoSDK in Frameworks */,
			);
			runOnlyForDeploymentPostprocessing = 0;
		};
/* End PBXFrameworksBuildPhase section */

/* Begin PBXGroup section */
		3600B30C2D79CC0B00140FEE /* Sign */ = {
			isa = PBXGroup;
			children = (
				36C2EB682D982D5600B0B14E /* View */,
				36C2EB692D982D5C00B0B14E /* Feature */,
			);
			path = Sign;
			sourceTree = "<group>";
		};
		3600B30D2D79CC0C00140FEE /* Mypage */ = {
			isa = PBXGroup;
			children = (
				36C2EB6A2D982D7300B0B14E /* View */,
			);
			path = Mypage;
			sourceTree = "<group>";
		};
		3615FE9F2D982A6100731529 /* Button */ = {
			isa = PBXGroup;
			children = (
				3615FE9E2D982A6100731529 /* ChipButtonModifier.swift */,
			);
			path = Button;
			sourceTree = "<group>";
		};
		3615FEA32D982A6100731529 /* Popup */ = {
			isa = PBXGroup;
			children = (
				3615FEA22D982A6100731529 /* PopupModifier.swift */,
			);
			path = Popup;
			sourceTree = "<group>";
		};
		3615FEA42D982A6100731529 /* View */ = {
			isa = PBXGroup;
			children = (
				3615FEAC2D982AFE00731529 /* View+.swift */,
				365B9A452D44D1FA004F1AB0 /* Color+.swift */,
				365B9A462D44D1FA004F1AB0 /* Font+.swift */,
				365B9A472D44D1FA004F1AB0 /* MeetjyouColor.swift */,
				3615FEAF2D982B8100731529 /* Shape */,
				3615FE9F2D982A6100731529 /* Button */,
				3615FEA32D982A6100731529 /* Popup */,
			);
			path = View;
			sourceTree = "<group>";
		};
		3615FEAA2D982AB400731529 /* Cell */ = {
			isa = PBXGroup;
			children = (
				3615FEA92D982AB400731529 /* RecruitmentCardVIew.swift */,
			);
			path = Cell;
			sourceTree = "<group>";
		};
		3615FEAF2D982B8100731529 /* Shape */ = {
			isa = PBXGroup;
			children = (
				3615FEB02D982B8600731529 /* RoundedCorner.swift */,
			);
			path = Shape;
			sourceTree = "<group>";
		};
		3637A4502D44A7DB0052B501 = {
			isa = PBXGroup;
			children = (
				3637A45C2D44A7DB0052B501 /* meetjyouApp.swift */,
				3647EB3D2D70294300FB5D1A /* Resource */,
				365B9A4D2D44D1FA004F1AB0 /* meetjyou */,
				3637A45A2D44A7DB0052B501 /* Products */,
			);
			sourceTree = "<group>";
		};
		3637A45A2D44A7DB0052B501 /* Products */ = {
			isa = PBXGroup;
			children = (
				3637A4592D44A7DB0052B501 /* meetjyou.app */,
			);
			name = Products;
			sourceTree = "<group>";
		};
		3647EB3C2D70294300FB5D1A /* Pretendard */ = {
			isa = PBXGroup;
			children = (
				3647EB332D70294300FB5D1A /* Pretendard-Black.otf */,
				3647EB342D70294300FB5D1A /* Pretendard-Bold.otf */,
				3647EB352D70294300FB5D1A /* Pretendard-ExtraBold.otf */,
				3647EB362D70294300FB5D1A /* Pretendard-ExtraLight.otf */,
				3647EB372D70294300FB5D1A /* Pretendard-Light.otf */,
				3647EB382D70294300FB5D1A /* Pretendard-Medium.otf */,
				3647EB392D70294300FB5D1A /* Pretendard-Regular.otf */,
				3647EB3A2D70294300FB5D1A /* Pretendard-SemiBold.otf */,
				3647EB3B2D70294300FB5D1A /* Pretendard-Thin.otf */,
			);
			path = Pretendard;
			sourceTree = "<group>";
		};
		3647EB3D2D70294300FB5D1A /* Resource */ = {
			isa = PBXGroup;
			children = (
				3647EB3C2D70294300FB5D1A /* Pretendard */,
			);
			path = Resource;
			sourceTree = "<group>";
		};
		365B9A482D44D1FA004F1AB0 /* Extension */ = {
			isa = PBXGroup;
			children = (
				3615FEA42D982A6100731529 /* View */,
			);
			path = Extension;
			sourceTree = "<group>";
		};
		365B9A4B2D44D1FA004F1AB0 /* Preview Content */ = {
			isa = PBXGroup;
			children = (
				365B9A492D44D1FA004F1AB0 /* Assets.xcassets */,
				365B9A4A2D44D1FA004F1AB0 /* Preview Assets.xcassets */,
			);
			path = "Preview Content";
			sourceTree = "<group>";
		};
		365B9A4D2D44D1FA004F1AB0 /* meetjyou */ = {
			isa = PBXGroup;
			children = (
				3647EB2B2D70245200FB5D1A /* Info.plist */,
				FE55DCD72D983962001C668A /* Config.xcconfig */,
				365B9A482D44D1FA004F1AB0 /* Extension */,
				365B9A562D44D24C004F1AB0 /* View */,
				365B9A4B2D44D1FA004F1AB0 /* Preview Content */,
			);
			path = meetjyou;
			sourceTree = "<group>";
		};
		365B9A562D44D24C004F1AB0 /* View */ = {
			isa = PBXGroup;
			children = (
				365B9A552D44D24C004F1AB0 /* ContentView.swift */,
				3600B30C2D79CC0B00140FEE /* Sign */,
				3600B30D2D79CC0C00140FEE /* Mypage */,
			);
			path = View;
			sourceTree = "<group>";
		};
		36C2EB682D982D5600B0B14E /* View */ = {
			isa = PBXGroup;
			children = (
				3608DDC22D673DEA008F4CE0 /* OnboardingView.swift */,
			);
			path = View;
			sourceTree = "<group>";
		};
		36C2EB692D982D5C00B0B14E /* Feature */ = {
			isa = PBXGroup;
			children = (
				3647EB2F2D70269300FB5D1A /* KakaoFeature.swift */,
			);
			path = Feature;
			sourceTree = "<group>";
		};
		36C2EB6A2D982D7300B0B14E /* View */ = {
			isa = PBXGroup;
			children = (
				FE769CA42D9670F100E74AED /* MyPostsView.swift */,
				FEA42CF92D8900190068BCAE /* ProfileEditView.swift */,
				3600B30E2D79CD0C00140FEE /* MyPageView.swift */,
				3615FEAA2D982AB400731529 /* Cell */,
			);
			path = View;
			sourceTree = "<group>";
		};
/* End PBXGroup section */

/* Begin PBXNativeTarget section */
		3637A4582D44A7DB0052B501 /* meetjyou */ = {
			isa = PBXNativeTarget;
			buildConfigurationList = 3637A4672D44A7DC0052B501 /* Build configuration list for PBXNativeTarget "meetjyou" */;
			buildPhases = (
				3637A4552D44A7DB0052B501 /* Sources */,
				3637A4562D44A7DB0052B501 /* Frameworks */,
				3637A4572D44A7DB0052B501 /* Resources */,
			);
			buildRules = (
			);
			dependencies = (
			);
			name = meetjyou;
			packageProductDependencies = (
				361F4E7C2D472A0B00C89F28 /* ComposableArchitecture */,
				3647EB2D2D70264B00FB5D1A /* KakaoSDK */,
			);
			productName = meetjyou;
			productReference = 3637A4592D44A7DB0052B501 /* meetjyou.app */;
			productType = "com.apple.product-type.application";
		};
/* End PBXNativeTarget section */

/* Begin PBXProject section */
		3637A4512D44A7DB0052B501 /* Project object */ = {
			isa = PBXProject;
			attributes = {
				BuildIndependentTargetsInParallel = 1;
				LastSwiftUpdateCheck = 1620;
				LastUpgradeCheck = 1620;
				TargetAttributes = {
					3637A4582D44A7DB0052B501 = {
						CreatedOnToolsVersion = 16.2;
					};
				};
			};
			buildConfigurationList = 3637A4542D44A7DB0052B501 /* Build configuration list for PBXProject "meetjyou" */;
			developmentRegion = en;
			hasScannedForEncodings = 0;
			knownRegions = (
				en,
				Base,
			);
			mainGroup = 3637A4502D44A7DB0052B501;
			minimizedProjectReferenceProxies = 1;
			packageReferences = (
				361F4E7B2D472A0B00C89F28 /* XCRemoteSwiftPackageReference "swift-composable-architecture" */,
				3647EB2C2D70264B00FB5D1A /* XCRemoteSwiftPackageReference "kakao-ios-sdk" */,
			);
			preferredProjectObjectVersion = 77;
			productRefGroup = 3637A45A2D44A7DB0052B501 /* Products */;
			projectDirPath = "";
			projectRoot = "";
			targets = (
				3637A4582D44A7DB0052B501 /* meetjyou */,
			);
		};
/* End PBXProject section */

/* Begin PBXResourcesBuildPhase section */
		3637A4572D44A7DB0052B501 /* Resources */ = {
			isa = PBXResourcesBuildPhase;
			buildActionMask = 2147483647;
			files = (
				365B9A4E2D44D1FA004F1AB0 /* Assets.xcassets in Resources */,
				3647EB3E2D70294300FB5D1A /* Pretendard-Black.otf in Resources */,
				3647EB3F2D70294300FB5D1A /* Pretendard-Bold.otf in Resources */,
				3647EB402D70294300FB5D1A /* Pretendard-ExtraBold.otf in Resources */,
				3647EB412D70294300FB5D1A /* Pretendard-ExtraLight.otf in Resources */,
				3647EB422D70294300FB5D1A /* Pretendard-Light.otf in Resources */,
				3647EB432D70294300FB5D1A /* Pretendard-Medium.otf in Resources */,
				3647EB442D70294300FB5D1A /* Pretendard-Regular.otf in Resources */,
				3647EB452D70294300FB5D1A /* Pretendard-SemiBold.otf in Resources */,
				3647EB462D70294300FB5D1A /* Pretendard-Thin.otf in Resources */,
				365B9A4F2D44D1FA004F1AB0 /* Preview Assets.xcassets in Resources */,
			);
			runOnlyForDeploymentPostprocessing = 0;
		};
/* End PBXResourcesBuildPhase section */

/* Begin PBXSourcesBuildPhase section */
		3637A4552D44A7DB0052B501 /* Sources */ = {
			isa = PBXSourcesBuildPhase;
			buildActionMask = 2147483647;
			files = (
				365B9A502D44D1FA004F1AB0 /* Color+.swift in Sources */,
				3615FEAB2D982AB400731529 /* RecruitmentCardVIew.swift in Sources */,
				FEA42CFA2D8900190068BCAE /* ProfileEditView.swift in Sources */,
				FE769CA52D9670F100E74AED /* MyPostsView.swift in Sources */,
				365B9A572D44D24C004F1AB0 /* ContentView.swift in Sources */,
				3647EB322D7026B700FB5D1A /* KakaoFeature.swift in Sources */,
				365B9A512D44D1FA004F1AB0 /* Font+.swift in Sources */,
				3615FEA52D982A6100731529 /* ChipButtonModifier.swift in Sources */,
				3615FEB12D982B8E00731529 /* RoundedCorner.swift in Sources */,
				3615FEA72D982A6100731529 /* PopupModifier.swift in Sources */,
				3608DDC32D673DF0008F4CE0 /* OnboardingView.swift in Sources */,
				3600B30F2D79CD0E00140FEE /* MyPageView.swift in Sources */,
				365B9A522D44D1FA004F1AB0 /* MeetjyouColor.swift in Sources */,
				3615FEAD2D982B0500731529 /* View+.swift in Sources */,
				3637A45D2D44A7DB0052B501 /* meetjyouApp.swift in Sources */,
			);
			runOnlyForDeploymentPostprocessing = 0;
		};
/* End PBXSourcesBuildPhase section */

/* Begin XCBuildConfiguration section */
		3637A4652D44A7DC0052B501 /* Debug */ = {
			isa = XCBuildConfiguration;
			buildSettings = {
				ALWAYS_SEARCH_USER_PATHS = NO;
				ASSETCATALOG_COMPILER_GENERATE_SWIFT_ASSET_SYMBOL_EXTENSIONS = YES;
				CLANG_ANALYZER_NONNULL = YES;
				CLANG_ANALYZER_NUMBER_OBJECT_CONVERSION = YES_AGGRESSIVE;
				CLANG_CXX_LANGUAGE_STANDARD = "gnu++20";
				CLANG_ENABLE_MODULES = YES;
				CLANG_ENABLE_OBJC_ARC = YES;
				CLANG_ENABLE_OBJC_WEAK = YES;
				CLANG_WARN_BLOCK_CAPTURE_AUTORELEASING = YES;
				CLANG_WARN_BOOL_CONVERSION = YES;
				CLANG_WARN_COMMA = YES;
				CLANG_WARN_CONSTANT_CONVERSION = YES;
				CLANG_WARN_DEPRECATED_OBJC_IMPLEMENTATIONS = YES;
				CLANG_WARN_DIRECT_OBJC_ISA_USAGE = YES_ERROR;
				CLANG_WARN_DOCUMENTATION_COMMENTS = YES;
				CLANG_WARN_EMPTY_BODY = YES;
				CLANG_WARN_ENUM_CONVERSION = YES;
				CLANG_WARN_INFINITE_RECURSION = YES;
				CLANG_WARN_INT_CONVERSION = YES;
				CLANG_WARN_NON_LITERAL_NULL_CONVERSION = YES;
				CLANG_WARN_OBJC_IMPLICIT_RETAIN_SELF = YES;
				CLANG_WARN_OBJC_LITERAL_CONVERSION = YES;
				CLANG_WARN_OBJC_ROOT_CLASS = YES_ERROR;
				CLANG_WARN_QUOTED_INCLUDE_IN_FRAMEWORK_HEADER = YES;
				CLANG_WARN_RANGE_LOOP_ANALYSIS = YES;
				CLANG_WARN_STRICT_PROTOTYPES = YES;
				CLANG_WARN_SUSPICIOUS_MOVE = YES;
				CLANG_WARN_UNGUARDED_AVAILABILITY = YES_AGGRESSIVE;
				CLANG_WARN_UNREACHABLE_CODE = YES;
				CLANG_WARN__DUPLICATE_METHOD_MATCH = YES;
				COPY_PHASE_STRIP = NO;
				DEBUG_INFORMATION_FORMAT = dwarf;
				ENABLE_STRICT_OBJC_MSGSEND = YES;
				ENABLE_TESTABILITY = YES;
				ENABLE_USER_SCRIPT_SANDBOXING = YES;
				GCC_C_LANGUAGE_STANDARD = gnu17;
				GCC_DYNAMIC_NO_PIC = NO;
				GCC_NO_COMMON_BLOCKS = YES;
				GCC_OPTIMIZATION_LEVEL = 0;
				GCC_PREPROCESSOR_DEFINITIONS = (
					"DEBUG=1",
					"$(inherited)",
				);
				GCC_WARN_64_TO_32_BIT_CONVERSION = YES;
				GCC_WARN_ABOUT_RETURN_TYPE = YES_ERROR;
				GCC_WARN_UNDECLARED_SELECTOR = YES;
				GCC_WARN_UNINITIALIZED_AUTOS = YES_AGGRESSIVE;
				GCC_WARN_UNUSED_FUNCTION = YES;
				GCC_WARN_UNUSED_VARIABLE = YES;
				IPHONEOS_DEPLOYMENT_TARGET = 18.2;
				LOCALIZATION_PREFERS_STRING_CATALOGS = YES;
				MTL_ENABLE_DEBUG_INFO = INCLUDE_SOURCE;
				MTL_FAST_MATH = YES;
				ONLY_ACTIVE_ARCH = YES;
				SDKROOT = iphoneos;
				SWIFT_ACTIVE_COMPILATION_CONDITIONS = "DEBUG $(inherited)";
				SWIFT_OPTIMIZATION_LEVEL = "-Onone";
			};
			name = Debug;
		};
		3637A4662D44A7DC0052B501 /* Release */ = {
			isa = XCBuildConfiguration;
			buildSettings = {
				ALWAYS_SEARCH_USER_PATHS = NO;
				ASSETCATALOG_COMPILER_GENERATE_SWIFT_ASSET_SYMBOL_EXTENSIONS = YES;
				CLANG_ANALYZER_NONNULL = YES;
				CLANG_ANALYZER_NUMBER_OBJECT_CONVERSION = YES_AGGRESSIVE;
				CLANG_CXX_LANGUAGE_STANDARD = "gnu++20";
				CLANG_ENABLE_MODULES = YES;
				CLANG_ENABLE_OBJC_ARC = YES;
				CLANG_ENABLE_OBJC_WEAK = YES;
				CLANG_WARN_BLOCK_CAPTURE_AUTORELEASING = YES;
				CLANG_WARN_BOOL_CONVERSION = YES;
				CLANG_WARN_COMMA = YES;
				CLANG_WARN_CONSTANT_CONVERSION = YES;
				CLANG_WARN_DEPRECATED_OBJC_IMPLEMENTATIONS = YES;
				CLANG_WARN_DIRECT_OBJC_ISA_USAGE = YES_ERROR;
				CLANG_WARN_DOCUMENTATION_COMMENTS = YES;
				CLANG_WARN_EMPTY_BODY = YES;
				CLANG_WARN_ENUM_CONVERSION = YES;
				CLANG_WARN_INFINITE_RECURSION = YES;
				CLANG_WARN_INT_CONVERSION = YES;
				CLANG_WARN_NON_LITERAL_NULL_CONVERSION = YES;
				CLANG_WARN_OBJC_IMPLICIT_RETAIN_SELF = YES;
				CLANG_WARN_OBJC_LITERAL_CONVERSION = YES;
				CLANG_WARN_OBJC_ROOT_CLASS = YES_ERROR;
				CLANG_WARN_QUOTED_INCLUDE_IN_FRAMEWORK_HEADER = YES;
				CLANG_WARN_RANGE_LOOP_ANALYSIS = YES;
				CLANG_WARN_STRICT_PROTOTYPES = YES;
				CLANG_WARN_SUSPICIOUS_MOVE = YES;
				CLANG_WARN_UNGUARDED_AVAILABILITY = YES_AGGRESSIVE;
				CLANG_WARN_UNREACHABLE_CODE = YES;
				CLANG_WARN__DUPLICATE_METHOD_MATCH = YES;
				COPY_PHASE_STRIP = NO;
				DEBUG_INFORMATION_FORMAT = "dwarf-with-dsym";
				ENABLE_NS_ASSERTIONS = NO;
				ENABLE_STRICT_OBJC_MSGSEND = YES;
				ENABLE_USER_SCRIPT_SANDBOXING = YES;
				GCC_C_LANGUAGE_STANDARD = gnu17;
				GCC_NO_COMMON_BLOCKS = YES;
				GCC_WARN_64_TO_32_BIT_CONVERSION = YES;
				GCC_WARN_ABOUT_RETURN_TYPE = YES_ERROR;
				GCC_WARN_UNDECLARED_SELECTOR = YES;
				GCC_WARN_UNINITIALIZED_AUTOS = YES_AGGRESSIVE;
				GCC_WARN_UNUSED_FUNCTION = YES;
				GCC_WARN_UNUSED_VARIABLE = YES;
				IPHONEOS_DEPLOYMENT_TARGET = 18.2;
				LOCALIZATION_PREFERS_STRING_CATALOGS = YES;
				MTL_ENABLE_DEBUG_INFO = NO;
				MTL_FAST_MATH = YES;
				SDKROOT = iphoneos;
				SWIFT_COMPILATION_MODE = wholemodule;
				VALIDATE_PRODUCT = YES;
			};
			name = Release;
		};
		3637A4682D44A7DC0052B501 /* Debug */ = {
			isa = XCBuildConfiguration;
			buildSettings = {
				ASSETCATALOG_COMPILER_APPICON_NAME = AppIcon;
				ASSETCATALOG_COMPILER_GLOBAL_ACCENT_COLOR_NAME = AccentColor;
				CODE_SIGN_IDENTITY = "Apple Development";
				CODE_SIGN_STYLE = Automatic;
				CURRENT_PROJECT_VERSION = 1;
				DEVELOPMENT_ASSET_PATHS = "\"meetjyou/Preview Content\"";
				DEVELOPMENT_TEAM = "";
				ENABLE_PREVIEWS = YES;
				GENERATE_INFOPLIST_FILE = YES;
				INFOPLIST_FILE = meetjyou/Info.plist;
				INFOPLIST_KEY_UIApplicationSceneManifest_Generation = YES;
				INFOPLIST_KEY_UIApplicationSupportsIndirectInputEvents = YES;
				INFOPLIST_KEY_UILaunchScreen_Generation = YES;
				INFOPLIST_KEY_UISupportedInterfaceOrientations_iPad = "UIInterfaceOrientationPortrait UIInterfaceOrientationPortraitUpsideDown UIInterfaceOrientationLandscapeLeft UIInterfaceOrientationLandscapeRight";
				INFOPLIST_KEY_UISupportedInterfaceOrientations_iPhone = "UIInterfaceOrientationPortrait UIInterfaceOrientationLandscapeLeft UIInterfaceOrientationLandscapeRight";
				IPHONEOS_DEPLOYMENT_TARGET = 16.0;
				LD_RUNPATH_SEARCH_PATHS = (
					"$(inherited)",
					"@executable_path/Frameworks",
				);
				MARKETING_VERSION = 1.0;
				PRODUCT_BUNDLE_IDENTIFIER = com.CombineProject.meetjyou;
				PRODUCT_NAME = "$(TARGET_NAME)";
				PROVISIONING_PROFILE_SPECIFIER = "";
				SUPPORTED_PLATFORMS = "iphoneos iphonesimulator";
				SUPPORTS_MACCATALYST = NO;
				SUPPORTS_MAC_DESIGNED_FOR_IPHONE_IPAD = NO;
				SUPPORTS_XR_DESIGNED_FOR_IPHONE_IPAD = NO;
				SWIFT_EMIT_LOC_STRINGS = YES;
				SWIFT_VERSION = 5.0;
				TARGETED_DEVICE_FAMILY = 1;
			};
			name = Debug;
		};
		3637A4692D44A7DC0052B501 /* Release */ = {
			isa = XCBuildConfiguration;
			buildSettings = {
				ASSETCATALOG_COMPILER_APPICON_NAME = AppIcon;
				ASSETCATALOG_COMPILER_GLOBAL_ACCENT_COLOR_NAME = AccentColor;
				CODE_SIGN_IDENTITY = "Apple Development";
				CODE_SIGN_STYLE = Automatic;
				CURRENT_PROJECT_VERSION = 1;
				DEVELOPMENT_ASSET_PATHS = "\"meetjyou/Preview Content\"";
				DEVELOPMENT_TEAM = "";
				ENABLE_PREVIEWS = YES;
				GENERATE_INFOPLIST_FILE = YES;
				INFOPLIST_FILE = meetjyou/Info.plist;
				INFOPLIST_KEY_UIApplicationSceneManifest_Generation = YES;
				INFOPLIST_KEY_UIApplicationSupportsIndirectInputEvents = YES;
				INFOPLIST_KEY_UILaunchScreen_Generation = YES;
				INFOPLIST_KEY_UISupportedInterfaceOrientations_iPad = "UIInterfaceOrientationPortrait UIInterfaceOrientationPortraitUpsideDown UIInterfaceOrientationLandscapeLeft UIInterfaceOrientationLandscapeRight";
				INFOPLIST_KEY_UISupportedInterfaceOrientations_iPhone = "UIInterfaceOrientationPortrait UIInterfaceOrientationLandscapeLeft UIInterfaceOrientationLandscapeRight";
				IPHONEOS_DEPLOYMENT_TARGET = 16.0;
				LD_RUNPATH_SEARCH_PATHS = (
					"$(inherited)",
					"@executable_path/Frameworks",
				);
				MARKETING_VERSION = 1.0;
				PRODUCT_BUNDLE_IDENTIFIER = com.CombineProject.meetjyou;
				PRODUCT_NAME = "$(TARGET_NAME)";
				PROVISIONING_PROFILE_SPECIFIER = "";
				SUPPORTED_PLATFORMS = "iphoneos iphonesimulator";
				SUPPORTS_MACCATALYST = NO;
				SUPPORTS_MAC_DESIGNED_FOR_IPHONE_IPAD = NO;
				SUPPORTS_XR_DESIGNED_FOR_IPHONE_IPAD = NO;
				SWIFT_EMIT_LOC_STRINGS = YES;
				SWIFT_VERSION = 5.0;
				TARGETED_DEVICE_FAMILY = 1;
			};
			name = Release;
		};
/* End XCBuildConfiguration section */

/* Begin XCConfigurationList section */
		3637A4542D44A7DB0052B501 /* Build configuration list for PBXProject "meetjyou" */ = {
			isa = XCConfigurationList;
			buildConfigurations = (
				3637A4652D44A7DC0052B501 /* Debug */,
				3637A4662D44A7DC0052B501 /* Release */,
			);
			defaultConfigurationIsVisible = 0;
			defaultConfigurationName = Release;
		};
		3637A4672D44A7DC0052B501 /* Build configuration list for PBXNativeTarget "meetjyou" */ = {
			isa = XCConfigurationList;
			buildConfigurations = (
				3637A4682D44A7DC0052B501 /* Debug */,
				3637A4692D44A7DC0052B501 /* Release */,
			);
			defaultConfigurationIsVisible = 0;
			defaultConfigurationName = Release;
		};
/* End XCConfigurationList section */

/* Begin XCRemoteSwiftPackageReference section */
		361F4E7B2D472A0B00C89F28 /* XCRemoteSwiftPackageReference "swift-composable-architecture" */ = {
			isa = XCRemoteSwiftPackageReference;
			repositoryURL = "https://github.com/pointfreeco/swift-composable-architecture";
			requirement = {
				kind = upToNextMajorVersion;
				minimumVersion = 1.17.1;
			};
		};
		3647EB2C2D70264B00FB5D1A /* XCRemoteSwiftPackageReference "kakao-ios-sdk" */ = {
			isa = XCRemoteSwiftPackageReference;
			repositoryURL = "https://github.com/kakao/kakao-ios-sdk";
			requirement = {
				branch = master;
				kind = branch;
			};
		};
/* End XCRemoteSwiftPackageReference section */

/* Begin XCSwiftPackageProductDependency section */
		361F4E7C2D472A0B00C89F28 /* ComposableArchitecture */ = {
			isa = XCSwiftPackageProductDependency;
			package = 361F4E7B2D472A0B00C89F28 /* XCRemoteSwiftPackageReference "swift-composable-architecture" */;
			productName = ComposableArchitecture;
		};
		3647EB2D2D70264B00FB5D1A /* KakaoSDK */ = {
			isa = XCSwiftPackageProductDependency;
			package = 3647EB2C2D70264B00FB5D1A /* XCRemoteSwiftPackageReference "kakao-ios-sdk" */;
			productName = KakaoSDK;
		};
/* End XCSwiftPackageProductDependency section */
	};
	rootObject = 3637A4512D44A7DB0052B501 /* Project object */;
}
